{
  "name": "insomnia-plugin-load-test-timing",
  "version": "1.0.5",
  "lockfileVersion": 1,
  "requires": true,
  "dependencies": {
    "electron-progressbar": {
      "version": "2.0.0",
      "resolved": "https://registry.npmjs.org/electron-progressbar/-/electron-progressbar-2.0.0.tgz",
      "integrity": "sha512-FBXR2Ys1nYjOEz2G/tB0q6fnCTHI+Vp1wcblo8E6319etJ5lDX7GiS1gujVterxEH2lsc2BqP+4Eq76v+4VEGw==",
      "requires": {
        "extend": "^3.0.1"
      }
    },
    "extend": {
      "version": "3.0.2",
      "resolved": "https://registry.npmjs.org/extend/-/extend-3.0.2.tgz",
      "integrity": "sha512-fjquC59cD7CyW6urNXK0FBufkZcoiGG80wTuPujX590cB5Ttln20E2UB4S/WARVqhXffZl2LNgS+gQdPIIim/g=="
    }
  }
}
